
Microsoft Visual Studio Solution File, Format Version 12.00
# Visual Studio 15
VisualStudioVersion = 15.0.28010.2003
MinimumVisualStudioVersion = 10.0.40219.1
Project("{FAE04EC0-301F-11D3-BF4B-00C04F79EFBC}") = "AgenciaMedica", "AgenciaMedica\AgenciaMedica.csproj", "{E63D4C48-6960-475E-B257-D85A6AABA8CA}"
EndProject
Project("{FAE04EC0-301F-11D3-BF4B-00C04F79EFBC}") = "ServiciesWebDatos", "ServiciesWebDatos\ServiciesWebDatos.csproj", "{0188A3AD-DD14-4DBE-98E0-D8FC3BBE3F7F}"
EndProject
Global
	GlobalSection(SolutionConfigurationPlatforms) = preSolution
		Debug|Any CPU = Debug|Any CPU
		Release|Any CPU = Release|Any CPU
	EndGlobalSection
	GlobalSection(ProjectConfigurationPlatforms) = postSolution
		{E63D4C48-6960-475E-B257-D85A6AABA8CA}.Debug|Any CPU.ActiveCfg = Debug|Any CPU
		{E63D4C48-6960-475E-B257-D85A6AABA8CA}.Debug|Any CPU.Build.0 = Debug|Any CPU
		{E63D4C48-6960-475E-B257-D85A6AABA8CA}.Release|Any CPU.ActiveCfg = Release|Any CPU
		{E63D4C48-6960-475E-B257-D85A6AABA8CA}.Release|Any CPU.Build.0 = Release|Any CPU
		{0188A3AD-DD14-4DBE-98E0-D8FC3BBE3F7F}.Debug|Any CPU.ActiveCfg = Debug|Any CPU
		{0188A3AD-DD14-4DBE-98E0-D8FC3BBE3F7F}.Debug|Any CPU.Build.0 = Debug|Any CPU
		{0188A3AD-DD14-4DBE-98E0-D8FC3BBE3F7F}.Release|Any CPU.ActiveCfg = Release|Any CPU
		{0188A3AD-DD14-4DBE-98E0-D8FC3BBE3F7F}.Release|Any CPU.Build.0 = Release|Any CPU
	EndGlobalSection
	GlobalSection(SolutionProperties) = preSolution
		HideSolutionNode = FALSE
	EndGlobalSection
	GlobalSection(ExtensibilityGlobals) = postSolution
		SolutionGuid = {FBCF89B2-D097-4CE6-8AFB-833ECF3985AE}
	EndGlobalSection
EndGlobal
